
Microsoft Visual Studio Solution File, Format Version 12.00
# Visual Studio Version 17
VisualStudioVersion = 17.1.32228.430
MinimumVisualStudioVersion = 10.0.40219.1
Project("{FAE04EC0-301F-11D3-BF4B-00C04F79EFBC}") = "DoctoriumDoctors", "DoctoriumDoctors\DoctoriumDoctors.csproj", "{D071DD69-8837-450C-8379-F551C9061BBF}"
EndProject
Global
	GlobalSection(SolutionConfigurationPlatforms) = preSolution
		Debug|Any CPU = Debug|Any CPU
		Release|Any CPU = Release|Any CPU
	EndGlobalSection
	GlobalSection(ProjectConfigurationPlatforms) = postSolution
		{D071DD69-8837-450C-8379-F551C9061BBF}.Debug|Any CPU.ActiveCfg = Debug|Any CPU
		{D071DD69-8837-450C-8379-F551C9061BBF}.Debug|Any CPU.Build.0 = Debug|Any CPU
		{D071DD69-8837-450C-8379-F551C9061BBF}.Release|Any CPU.ActiveCfg = Release|Any CPU
		{D071DD69-8837-450C-8379-F551C9061BBF}.Release|Any CPU.Build.0 = Release|Any CPU
	EndGlobalSection
	GlobalSection(SolutionProperties) = preSolution
		HideSolutionNode = FALSE
	EndGlobalSection
	GlobalSection(ExtensibilityGlobals) = postSolution
		SolutionGuid = {9BF0C205-FC64-4863-9158-865B5B8A6619}
	EndGlobalSection
EndGlobal
